
Microsoft Visual Studio Solution File, Format Version 12.00
# Visual Studio Version 16
VisualStudioVersion = 16.0.28922.388
MinimumVisualStudioVersion = 10.0.40219.1
Project("{2150E333-8FDC-42A3-9474-1A3956D46DE8}") = "Mate", "Mate", "{38E7E9CB-D0C1-4468-B49C-DCEDDEBD0E31}"
	ProjectSection(SolutionItems) = preProject
		LICENSE = LICENSE
		README.md = README.md
	EndProjectSection
EndProject
Project("{2150E333-8FDC-42A3-9474-1A3956D46DE8}") = "Resources", "Resources", "{97F98274-8C4A-4E51-8EFB-1D11B2BDFB69}"
	ProjectSection(SolutionItems) = preProject
		Resources\icon.ico = Resources\icon.ico
		Resources\icon.png = Resources\icon.png
		Resources\icon_nuget.png = Resources\icon_nuget.png
	EndProjectSection
EndProject
Project("{9A19103F-16F7-4668-BE54-9A1E7A4F7556}") = "Yus", "Yus\Yus.csproj", "{E16F6338-89A3-4BAE-8B91-FC1B305F627C}"
EndProject
Global
	GlobalSection(SolutionConfigurationPlatforms) = preSolution
		Debug|Any CPU = Debug|Any CPU
		Release|Any CPU = Release|Any CPU
	EndGlobalSection
	GlobalSection(ProjectConfigurationPlatforms) = postSolution
		{E16F6338-89A3-4BAE-8B91-FC1B305F627C}.Debug|Any CPU.ActiveCfg = Debug|Any CPU
		{E16F6338-89A3-4BAE-8B91-FC1B305F627C}.Debug|Any CPU.Build.0 = Debug|Any CPU
		{E16F6338-89A3-4BAE-8B91-FC1B305F627C}.Release|Any CPU.ActiveCfg = Release|Any CPU
		{E16F6338-89A3-4BAE-8B91-FC1B305F627C}.Release|Any CPU.Build.0 = Release|Any CPU
	EndGlobalSection
	GlobalSection(SolutionProperties) = preSolution
		HideSolutionNode = FALSE
	EndGlobalSection
	GlobalSection(ExtensibilityGlobals) = postSolution
		SolutionGuid = {ED2B03DC-76C9-4165-92E4-6D44DC003721}
	EndGlobalSection
EndGlobal
